<?xml version="1.0" encoding="utf-8"?>
<Project ToolsVersion="4.0" xmlns="http://schemas.microsoft.com/developer/msbuild/2003">
  <ItemGroup>
    <Filter Include="00.MainApp">
      <UniqueIdentifier>{a70e2d1c-6f5f-475f-9477-fad2bbd83f7a}</UniqueIdentifier>
    </Filter>
    <Filter Include="99.Default">
      <UniqueIdentifier>{9c9ba786-f4eb-469b-a54a-8f7331ac6745}</UniqueIdentifier>
    </Filter>
    <Filter Include="98.Defines">
      <UniqueIdentifier>{71817107-bd2e-4fc7-975b-28fd6bc8d724}</UniqueIdentifier>
    </Filter>
    <Filter Include="01.Maps">
      <UniqueIdentifier>{64bfc095-c2c2-4355-b485-9ab464726e13}</UniqueIdentifier>
    </Filter>
    <Filter Include="02.GameObject">
      <UniqueIdentifier>{97b32a6e-509f-4ced-8939-d6417b37fd97}</UniqueIdentifier>
    </Filter>
    <Filter Include="97.ShaderFiles">
      <UniqueIdentifier>{c897f1d9-0925-4b86-b82e-978dc2dda110}</UniqueIdentifier>
    </Filter>
    <Filter Include="01.Maps\00.Loading">
      <UniqueIdentifier>{97f30d6d-9199-4f05-879d-e185620cd7e9}</UniqueIdentifier>
    </Filter>
    <Filter Include="02.GameObject\01.Logo">
      <UniqueIdentifier>{0ed5f72e-f4b8-49bf-a181-071dfb6e7b98}</UniqueIdentifier>
    </Filter>
    <Filter Include="02.GameObject\02.Stage">
      <UniqueIdentifier>{af13b4cb-2c6f-4748-ab46-ce104963ecd7}</UniqueIdentifier>
    </Filter>
    <Filter Include="02.GameObject\02.Stage\00.Terrain">
      <UniqueIdentifier>{1de666b8-ed6d-4dd9-9cdf-8b5395bc8102}</UniqueIdentifier>
    </Filter>
    <Filter Include="02.GameObject\01.Logo\00.BackGround">
      <UniqueIdentifier>{fd714cb0-ce9e-4958-91e7-a718b433c0d2}</UniqueIdentifier>
    </Filter>
    <Filter Include="02.GameObject\00.Loading">
      <UniqueIdentifier>{a411ab72-c4ca-48ca-8258-8223a9a141cb}</UniqueIdentifier>
    </Filter>
    <Filter Include="03.UI, HUD">
      <UniqueIdentifier>{8783ab3e-9a64-40aa-b484-fa3897ce11c6}</UniqueIdentifier>
    </Filter>
    <Filter Include="03.UI, HUD\00.2D">
      <UniqueIdentifier>{831ca00b-e15d-4674-9be4-9e996d6926b0}</UniqueIdentifier>
    </Filter>
    <Filter Include="03.UI, HUD\00.2D\00.StatusPanel">
      <UniqueIdentifier>{d1696c8b-4ff3-4dcb-9dd7-f557e0580322}</UniqueIdentifier>
    </Filter>
    <Filter Include="04.Camera">
      <UniqueIdentifier>{db493a92-67db-4110-8b2f-6b8d92f56183}</UniqueIdentifier>
    </Filter>
    <Filter Include="04.Camera\00.Camera_Free">
      <UniqueIdentifier>{651c9e53-7069-4c8a-b629-0e97df47a9d6}</UniqueIdentifier>
    </Filter>
    <Filter Include="04.Camera\01.Camera_Target">
      <UniqueIdentifier>{5ef7d385-bd2d-446c-92cb-c61104155379}</UniqueIdentifier>
    </Filter>
    <Filter Include="02.GameObject\03.Player">
      <UniqueIdentifier>{5d6e4b8c-f613-4659-9f96-85ac183e7559}</UniqueIdentifier>
    </Filter>
    <Filter Include="02.GameObject\04.DefenceTower">
      <UniqueIdentifier>{3cc97ea3-dadc-46d9-b680-a4e9d483cd9b}</UniqueIdentifier>
    </Filter>
    <Filter Include="02.GameObject\05.Monster">
      <UniqueIdentifier>{3228ebb7-601a-4537-8501-6e9d6e96577f}</UniqueIdentifier>
    </Filter>
    <Filter Include="01.Maps\02.Stage1">
      <UniqueIdentifier>{5f1c5b47-f0ca-4a8f-99d5-6657580ca0a4}</UniqueIdentifier>
    </Filter>
    <Filter Include="01.Maps\01.Logo%28MainMenu%29">
      <UniqueIdentifier>{07a35e1c-7bdc-41e7-8134-e6e63f1dfce2}</UniqueIdentifier>
    </Filter>
    <Filter Include="02.GameObject\01.Logo\00.Menu">
      <UniqueIdentifier>{47579060-7f84-487f-a436-94ae65cea1f2}</UniqueIdentifier>
    </Filter>
    <Filter Include="03.UI, HUD\00.2D\01.PlayerSkill">
      <UniqueIdentifier>{db9f75dd-e2f1-4599-9620-e7c6765d07a1}</UniqueIdentifier>
    </Filter>
    <Filter Include="03.UI, HUD\00.2D\02.Hp">
      <UniqueIdentifier>{fbe49999-e618-456e-9949-5e07e862506f}</UniqueIdentifier>
    </Filter>
    <Filter Include="03.UI, HUD\01.MainMenu">
      <UniqueIdentifier>{fbd7821e-65fe-4bb7-b403-bfd8924aa28f}</UniqueIdentifier>
    </Filter>
    <Filter Include="05.Utility">
      <UniqueIdentifier>{5ae64ff8-9f27-4b0a-a3c4-3a4ba9d72bc5}</UniqueIdentifier>
    </Filter>
    <Filter Include="05.Utility\00.Stage_Manager">
      <UniqueIdentifier>{b58efceb-9753-4fa5-9490-0c31d5584e00}</UniqueIdentifier>
    </Filter>
    <Filter Include="05.Utility\01.Calculator">
      <UniqueIdentifier>{9b52f15a-8f7d-4887-afd7-8139266b7cd3}</UniqueIdentifier>
    </Filter>
    <Filter Include="02.GameObject\05.Monster\00.Goblin">
      <UniqueIdentifier>{9828e775-3fea-49b2-87ce-9e5c81c837cc}</UniqueIdentifier>
    </Filter>
    <Filter Include="05.Utility\02.Cursor_Manager">
      <UniqueIdentifier>{f360a00d-762d-431c-8ba9-a92d56e8ba33}</UniqueIdentifier>
    </Filter>
    <Filter Include="05.Utility\02.Cursor_Manager\00.Cursor">
      <UniqueIdentifier>{101ec7e4-d3e2-4e92-9597-d55c5d9acf1a}</UniqueIdentifier>
    </Filter>
    <Filter Include="05.Utility\03.Text_Manager">
      <UniqueIdentifier>{b2a5a428-79b0-4729-90ec-9a2c0f5f3552}</UniqueIdentifier>
    </Filter>
    <Filter Include="05.Utility\03.Text_Manager\Text">
      <UniqueIdentifier>{87944d3a-b839-46f1-a119-56e3a4049bed}</UniqueIdentifier>
    </Filter>
    <Filter Include="05.Utility\03.Text_Manager\Text\Font">
      <UniqueIdentifier>{6c356184-25d6-4a59-ab7a-5821a10d25f8}</UniqueIdentifier>
    </Filter>
    <Filter Include="05.Utility\04.Data_Manager">
      <UniqueIdentifier>{c9eb091c-14b3-44b5-8b95-4231530c4189}</UniqueIdentifier>
    </Filter>
    <Filter Include="03.UI, HUD\00.2D\04.PauseMenu">
      <UniqueIdentifier>{a6b30309-245f-4f28-b789-74b6a29b04c2}</UniqueIdentifier>
    </Filter>
    <Filter Include="03.UI, HUD\00.2D\A2.MyButton_NoText">
      <UniqueIdentifier>{05b87bbc-92fa-497d-a3e7-47d266171859}</UniqueIdentifier>
    </Filter>
    <Filter Include="03.UI, HUD\00.2D\05.StatusMenu">
      <UniqueIdentifier>{ae0ef76c-ba75-448a-a81f-15c5b25d3c8d}</UniqueIdentifier>
    </Filter>
    <Filter Include="03.UI, HUD\00.2D\A3.MyButton%28Font%29">
      <UniqueIdentifier>{cbb297a4-74a8-4166-bc55-49b8a196ed7c}</UniqueIdentifier>
    </Filter>
    <Filter Include="03.UI, HUD\00.2D\A1.Masking_UI">
      <UniqueIdentifier>{a9b2a5f0-2516-4dba-bd89-371d576b75ac}</UniqueIdentifier>
    </Filter>
    <Filter Include="03.UI, HUD\00.2D\A0.Masking_MeterBar%28Time%29">
      <UniqueIdentifier>{d955dfe0-f789-4884-bbd5-a6f3d359aebd}</UniqueIdentifier>
    </Filter>
    <Filter Include="03.UI, HUD\00.2D\A4.Animate_Effect">
      <UniqueIdentifier>{3c5ee71d-2034-45fe-bca9-6aa3e890c7e2}</UniqueIdentifier>
    </Filter>
    <Filter Include="03.UI, HUD\02.3D">
      <UniqueIdentifier>{6e829950-a9b5-469f-b8fb-80f39776b6ee}</UniqueIdentifier>
    </Filter>
    <Filter Include="03.UI, HUD\02.3D\A0.Masking_MeterBar_3D">
      <UniqueIdentifier>{8855d6c6-002b-4688-8994-9faacd857436}</UniqueIdentifier>
    </Filter>
    <Filter Include="03.UI, HUD\00.2D\03.PhaseInfo">
      <UniqueIdentifier>{3dbfbb4f-b927-4693-9585-c89d4a6589f9}</UniqueIdentifier>
    </Filter>
    <Filter Include="03.UI, HUD\00.2D\06.Phase_Panel">
      <UniqueIdentifier>{a15c0e93-0211-45a7-b668-0778d8ae26da}</UniqueIdentifier>
    </Filter>
    <Filter Include="02.GameObject\06.CrystalCore">
      <UniqueIdentifier>{4595e53d-e23e-40c1-a09f-fecd6cda1bd4}</UniqueIdentifier>
    </Filter>
    <Filter Include="02.GameObject\06.CrystalCore\A0.Ring">
      <UniqueIdentifier>{cbb39902-107c-4af7-95a3-a097be0fd8bc}</UniqueIdentifier>
    </Filter>
    <Filter Include="02.GameObject\04.DefenceTower\01.StrikerTower">
      <UniqueIdentifier>{e1d2ee50-6438-4680-a7f5-22d8b494aa9b}</UniqueIdentifier>
    </Filter>
    <Filter Include="02.GameObject\04.DefenceTower\00.BlockadeTower">
      <UniqueIdentifier>{921b0b17-4b6f-4364-88c1-dc88769e98d2}</UniqueIdentifier>
    </Filter>
    <Filter Include="02.GameObject\07.Bullet">
      <UniqueIdentifier>{b8ffaba7-0f33-4b82-8868-bc13c07a5f82}</UniqueIdentifier>
    </Filter>
    <Filter Include="02.GameObject\07.Bullet\00.StrikerTower_Bullet">
      <UniqueIdentifier>{4560bbbb-8592-478e-9631-6b7eef3bcc7c}</UniqueIdentifier>
    </Filter>
    <Filter Include="02.GameObject\04.DefenceTower\02.LightningTower">
      <UniqueIdentifier>{255411cc-936f-4d01-990b-58797b81eec7}</UniqueIdentifier>
    </Filter>
    <Filter Include="02.GameObject\07.Bullet\01.LightningTower_Bullet">
      <UniqueIdentifier>{26754a9a-e0a4-4af0-8a9c-071b4d68d7c7}</UniqueIdentifier>
    </Filter>
    <Filter Include="02.GameObject\08.Effect">
      <UniqueIdentifier>{547f0240-c7f5-4a3d-8064-a5166b464693}</UniqueIdentifier>
    </Filter>
    <Filter Include="02.GameObject\07.Bullet\02.Skill_ManaBomb">
      <UniqueIdentifier>{252f8a87-83c5-415a-bb47-26611c07bc90}</UniqueIdentifier>
    </Filter>
    <Filter Include="02.GameObject\07.Bullet\03.Skill_Meteor">
      <UniqueIdentifier>{9ae3990f-e16a-4154-bfc6-02767312e310}</UniqueIdentifier>
    </Filter>
    <Filter Include="05.Utility\05.Collide_Manager">
      <UniqueIdentifier>{c015e515-69a7-4080-80bd-d706ca161490}</UniqueIdentifier>
    </Filter>
    <Filter Include="02.GameObject\09.Weapon">
      <UniqueIdentifier>{166f40ba-7f77-422d-ad13-ebf1a0799f43}</UniqueIdentifier>
    </Filter>
    <Filter Include="02.GameObject\09.Weapon\00.Staff_Basic">
      <UniqueIdentifier>{9931eb5d-0404-4f8e-9915-f2f4458e3ac4}</UniqueIdentifier>
    </Filter>
    <Filter Include="02.GameObject\05.Monster\Dummy">
      <UniqueIdentifier>{c8476d4d-dc45-4445-9e65-4f90bbe4ffc1}</UniqueIdentifier>
    </Filter>
    <Filter Include="02.GameObject\05.Monster\Dummy\01.Archer">
      <UniqueIdentifier>{99bb0f43-1301-46ea-916c-abf037056a46}</UniqueIdentifier>
    </Filter>
    <Filter Include="02.GameObject\05.Monster\01.Ogre">
      <UniqueIdentifier>{ce8952c6-600e-41c9-918b-6e734e5dc725}</UniqueIdentifier>
    </Filter>
    <Filter Include="02.GameObject\07.Bullet\02.Skill_ManaBomb\Boom">
      <UniqueIdentifier>{e0ae193d-2e3f-4d5f-9ede-b4910ac88a59}</UniqueIdentifier>
    </Filter>
    <Filter Include="02.GameObject\07.Bullet\03.Skill_Meteor\00.Meteor_Explosion">
      <UniqueIdentifier>{fcf20bb8-e7cf-44cb-850b-dad83a2adc0b}</UniqueIdentifier>
    </Filter>
    <Filter Include="02.GameObject\07.Bullet\03.Skill_Meteor\00.Meteor_Explosion\Effect_0">
      <UniqueIdentifier>{dd918fc9-9c47-4d7e-aee3-fb9e47a74d7d}</UniqueIdentifier>
    </Filter>
    <Filter Include="02.GameObject\07.Bullet\03.Skill_Meteor\00.Meteor_Explosion\Effect_1">
      <UniqueIdentifier>{22394e8b-c381-45fa-ad4c-eeddd2c8abed}</UniqueIdentifier>
    </Filter>
    <Filter Include="02.GameObject\07.Bullet\04.Skill_BrainWash">
      <UniqueIdentifier>{53a9a771-e406-455d-984e-fdc391937afb}</UniqueIdentifier>
    </Filter>
    <Filter Include="02.GameObject\07.Bullet\04.Skill_BrainWash\Skill_BrainWash_Effect">
      <UniqueIdentifier>{e2c9e602-e5de-4d92-b3cb-91f1bbd08c9e}</UniqueIdentifier>
    </Filter>
    <Filter Include="02.GameObject\00.Loading\Fade">
      <UniqueIdentifier>{7fe4da06-ff18-447e-bae0-c80cd930bef6}</UniqueIdentifier>
    </Filter>
    <Filter Include="02.GameObject\02.Stage\Navi">
      <UniqueIdentifier>{196f849a-c28f-4281-8354-4d76b631e9b9}</UniqueIdentifier>
    </Filter>
    <Filter Include="02.GameObject\10.Monster_Gate">
      <UniqueIdentifier>{25f18a48-585d-44dc-82f1-cd3eb38f7111}</UniqueIdentifier>
    </Filter>
    <Filter Include="03.UI, HUD\00.2D\07.GameOver">
      <UniqueIdentifier>{0cedeba1-85f4-4ae8-aa84-f8602869057b}</UniqueIdentifier>
    </Filter>
    <Filter Include="03.UI, HUD\02.3D\A1.PhaseMonster_Info">
      <UniqueIdentifier>{12b5264d-346c-4ffd-83e8-ea8898959f56}</UniqueIdentifier>
    </Filter>
    <Filter Include="03.UI, HUD\02.3D\A2.Ortho3D">
      <UniqueIdentifier>{96c07d0e-2e9a-4440-9a9e-dd86f06c67c0}</UniqueIdentifier>
    </Filter>
    <Filter Include="02.GameObject\05.Monster\02.Boss_Djinn">
      <UniqueIdentifier>{cb291185-0315-4e1c-abd4-235192ab77c3}</UniqueIdentifier>
    </Filter>
    <Filter Include="02.GameObject\07.Bullet\10.Boss_EnergyBall">
      <UniqueIdentifier>{e3486e49-cde4-4ba9-9c37-16d27563a669}</UniqueIdentifier>
    </Filter>
    <Filter Include="02.GameObject\07.Bullet\11.Boss_Boom">
      <UniqueIdentifier>{35313ff8-bd9b-461c-a500-3613964687b4}</UniqueIdentifier>
    </Filter>
    <Filter Include="02.GameObject\07.Bullet\12.Boss_TrapBall">
      <UniqueIdentifier>{4f7e5913-8b59-45d6-806b-8bc8839a93a7}</UniqueIdentifier>
    </Filter>
    <Filter Include="02.GameObject\07.Bullet\13.Boss_RepeatBall">
      <UniqueIdentifier>{4c07c21e-f5c0-4e06-b7e5-6ac855b78923}</UniqueIdentifier>
    </Filter>
    <Filter Include="02.GameObject\05.Monster\02.Boss_Djinn\Boss_Hand">
      <UniqueIdentifier>{c4057b70-0730-4bfe-bb0a-025609938bb8}</UniqueIdentifier>
    </Filter>
    <Filter Include="02.GameObject\05.Monster\03.Kobold">
      <UniqueIdentifier>{957c6d77-2b33-4f77-a6a7-9c93718afb15}</UniqueIdentifier>
    </Filter>
    <Filter Include="02.GameObject\07.Bullet\14.Kobold_Boom">
      <UniqueIdentifier>{c42a9201-0187-4059-9ae7-9aaa910d6435}</UniqueIdentifier>
    </Filter>
    <Filter Include="02.GameObject\08.Effect\Old">
      <UniqueIdentifier>{82734aef-8550-43e3-83ea-2e0f00fda7e4}</UniqueIdentifier>
    </Filter>
    <Filter Include="02.GameObject\08.Effect\Old\00.StrikerTower_Effect">
      <UniqueIdentifier>{7281c425-9464-460e-bb93-67e1bdf67015}</UniqueIdentifier>
    </Filter>
    <Filter Include="02.GameObject\08.Effect\Old\01.LightningTower_Effect">
      <UniqueIdentifier>{1cb8b737-54dd-43b8-93f6-36422ab7f71d}</UniqueIdentifier>
    </Filter>
    <Filter Include="02.GameObject\08.Effect\Old\01.LightningTower_Effect\00.LightningTower_Bullet_Effect">
      <UniqueIdentifier>{f5b2c4fc-a332-4dad-9af9-8e27b720cdc1}</UniqueIdentifier>
    </Filter>
    <Filter Include="02.GameObject\08.Effect\Effect_Sprites">
      <UniqueIdentifier>{31122d70-d1d7-4534-90b6-c746bdc54bd4}</UniqueIdentifier>
    </Filter>
    <Filter Include="02.GameObject\07.Bullet\NewFilter1">
      <UniqueIdentifier>{72aa87d3-209d-41f0-909d-4763ea599e5f}</UniqueIdentifier>
    </Filter>
  </ItemGroup>
  <ItemGroup>
    <ClInclude Include="Client.h">
      <Filter>99.Default</Filter>
    </ClInclude>
    <ClInclude Include="Resource.h">
      <Filter>99.Default</Filter>
    </ClInclude>
    <ClInclude Include="stdafx.h">
      <Filter>99.Default</Filter>
    </ClInclude>
    <ClInclude Include="targetver.h">
      <Filter>99.Default</Filter>
    </ClInclude>
    <ClInclude Include="..\public\MainApp.h">
      <Filter>00.MainApp</Filter>
    </ClInclude>
    <ClInclude Include="..\public\Client_Defines.h">
      <Filter>98.Defines</Filter>
    </ClInclude>
    <ClInclude Include="..\public\Level_Logo.h">
      <Filter>01.Maps\01.Logo%28MainMenu%29</Filter>
    </ClInclude>
    <ClInclude Include="..\public\Level_Loading.h">
      <Filter>01.Maps\00.Loading</Filter>
    </ClInclude>
    <ClInclude Include="..\public\Loading.h">
      <Filter>01.Maps\00.Loading</Filter>
    </ClInclude>
    <ClInclude Include="..\public\BackGround_Logo.h">
      <Filter>02.GameObject\01.Logo\00.BackGround</Filter>
    </ClInclude>
    <ClInclude Include="..\public\Client_Macro.h">
      <Filter>98.Defines</Filter>
    </ClInclude>
    <ClInclude Include="..\Bin\Shader\Shader_Defines.hpp">
      <Filter>97.ShaderFiles</Filter>
    </ClInclude>
    <ClInclude Include="..\public\Level_Stage1.h">
      <Filter>01.Maps\02.Stage1</Filter>
    </ClInclude>
    <ClInclude Include="..\public\Terrain.h">
      <Filter>02.GameObject\02.Stage\00.Terrain</Filter>
    </ClInclude>
    <ClInclude Include="..\public\Status_Panel.h">
      <Filter>03.UI, HUD\00.2D\00.StatusPanel</Filter>
    </ClInclude>
    <ClInclude Include="..\public\Camera_Free.h">
      <Filter>04.Camera\00.Camera_Free</Filter>
    </ClInclude>
    <ClInclude Include="..\public\Player.h">
      <Filter>02.GameObject\03.Player</Filter>
    </ClInclude>
    <ClInclude Include="..\public\UI_2D.h">
      <Filter>03.UI, HUD\00.2D</Filter>
    </ClInclude>
    <ClInclude Include="..\public\PlayerSkill.h">
      <Filter>03.UI, HUD\00.2D\01.PlayerSkill</Filter>
    </ClInclude>
    <ClInclude Include="..\public\HpMp.h">
      <Filter>03.UI, HUD\00.2D\02.Hp</Filter>
    </ClInclude>
    <ClInclude Include="..\public\Wave_Manger.h">
      <Filter>05.Utility\00.Stage_Manager</Filter>
    </ClInclude>
    <ClInclude Include="..\public\MainMenu.h">
      <Filter>03.UI, HUD\01.MainMenu</Filter>
    </ClInclude>
    <ClInclude Include="..\public\Client_Struct.h">
      <Filter>98.Defines</Filter>
    </ClInclude>
    <ClInclude Include="..\public\Camera_Target.h">
      <Filter>04.Camera\01.Camera_Target</Filter>
    </ClInclude>
    <ClInclude Include="..\public\Calculator.h">
      <Filter>05.Utility\01.Calculator</Filter>
    </ClInclude>
    <ClInclude Include="..\public\Monster.h">
      <Filter>02.GameObject\05.Monster</Filter>
    </ClInclude>
    <ClInclude Include="..\public\Cursor.h">
      <Filter>05.Utility\02.Cursor_Manager\00.Cursor</Filter>
    </ClInclude>
    <ClInclude Include="..\public\Cursor_Manager.h">
      <Filter>05.Utility\02.Cursor_Manager</Filter>
    </ClInclude>
    <ClInclude Include="..\public\Masking_MeterBar.h">
      <Filter>03.UI, HUD\00.2D\A0.Masking_MeterBar%28Time%29</Filter>
    </ClInclude>
    <ClInclude Include="..\public\MyFont.h">
      <Filter>05.Utility\03.Text_Manager\Text\Font</Filter>
    </ClInclude>
    <ClInclude Include="..\public\MyText.h">
      <Filter>05.Utility\03.Text_Manager\Text</Filter>
    </ClInclude>
    <ClInclude Include="..\public\Text_Manager.h">
      <Filter>05.Utility\03.Text_Manager</Filter>
    </ClInclude>
    <ClInclude Include="..\public\MyButton.h">
      <Filter>03.UI, HUD\00.2D\A3.MyButton%28Font%29</Filter>
    </ClInclude>
    <ClInclude Include="..\public\MyButton_NoText.h">
      <Filter>03.UI, HUD\00.2D\A2.MyButton_NoText</Filter>
    </ClInclude>
    <ClInclude Include="..\public\Data_Manager.h">
      <Filter>05.Utility\04.Data_Manager</Filter>
    </ClInclude>
    <ClInclude Include="..\public\PauseMenu.h">
      <Filter>03.UI, HUD\00.2D\04.PauseMenu</Filter>
    </ClInclude>
    <ClInclude Include="..\public\StatusMenu.h">
      <Filter>03.UI, HUD\00.2D\05.StatusMenu</Filter>
    </ClInclude>
    <ClInclude Include="..\public\Client_Typedef.h">
      <Filter>98.Defines</Filter>
    </ClInclude>
    <ClInclude Include="..\public\Masking_UI.h">
      <Filter>03.UI, HUD\00.2D\A1.Masking_UI</Filter>
    </ClInclude>
    <ClInclude Include="..\public\Animate_Effect.h">
      <Filter>03.UI, HUD\00.2D\A4.Animate_Effect</Filter>
    </ClInclude>
    <ClInclude Include="..\public\UI_3D.h">
      <Filter>03.UI, HUD\02.3D</Filter>
    </ClInclude>
    <ClInclude Include="..\public\Masking_MeterBar_3D.h">
      <Filter>03.UI, HUD\02.3D\A0.Masking_MeterBar_3D</Filter>
    </ClInclude>
    <ClInclude Include="..\public\PhaseInfo.h">
      <Filter>03.UI, HUD\00.2D\03.PhaseInfo</Filter>
    </ClInclude>
    <ClInclude Include="..\public\Phase_Panel.h">
      <Filter>03.UI, HUD\00.2D\06.Phase_Panel</Filter>
    </ClInclude>
    <ClInclude Include="..\public\DefenceTower.h">
      <Filter>02.GameObject\04.DefenceTower</Filter>
    </ClInclude>
    <ClInclude Include="..\public\StrikerTower.h">
      <Filter>02.GameObject\04.DefenceTower\01.StrikerTower</Filter>
    </ClInclude>
    <ClInclude Include="..\public\CrystalCore.h">
      <Filter>02.GameObject\06.CrystalCore</Filter>
    </ClInclude>
    <ClInclude Include="..\public\CrystalCore_Ring.h">
      <Filter>02.GameObject\06.CrystalCore\A0.Ring</Filter>
    </ClInclude>
    <ClInclude Include="..\public\BlockadeTower.h">
      <Filter>02.GameObject\04.DefenceTower\00.BlockadeTower</Filter>
    </ClInclude>
    <ClInclude Include="..\public\Bullet.h">
      <Filter>02.GameObject\07.Bullet</Filter>
    </ClInclude>
    <ClInclude Include="..\public\StrikerTower_Bullet.h">
      <Filter>02.GameObject\07.Bullet\00.StrikerTower_Bullet</Filter>
    </ClInclude>
    <ClInclude Include="..\public\LightningTower.h">
      <Filter>02.GameObject\04.DefenceTower\02.LightningTower</Filter>
    </ClInclude>
    <ClInclude Include="..\public\LightningTower_Bullet.h">
      <Filter>02.GameObject\07.Bullet\01.LightningTower_Bullet</Filter>
    </ClInclude>
    <ClInclude Include="..\public\LightningTower_Bullet_Effect.h">
      <Filter>02.GameObject\08.Effect\Old\01.LightningTower_Effect\00.LightningTower_Bullet_Effect</Filter>
    </ClInclude>
    <ClInclude Include="..\public\Goblin.h">
      <Filter>02.GameObject\05.Monster\00.Goblin</Filter>
    </ClInclude>
    <ClInclude Include="..\public\Skill_ManaBomb.h">
      <Filter>02.GameObject\07.Bullet\02.Skill_ManaBomb</Filter>
    </ClInclude>
    <ClInclude Include="..\public\Collide_Manager.h">
      <Filter>05.Utility\05.Collide_Manager</Filter>
    </ClInclude>
    <ClInclude Include="..\public\Skill_Meteor.h">
      <Filter>02.GameObject\07.Bullet\03.Skill_Meteor</Filter>
    </ClInclude>
    <ClInclude Include="..\public\Archer.h">
      <Filter>02.GameObject\05.Monster\Dummy\01.Archer</Filter>
    </ClInclude>
    <ClInclude Include="..\public\Weapon.h">
      <Filter>02.GameObject\09.Weapon</Filter>
    </ClInclude>
    <ClInclude Include="..\public\Staff_Basic.h">
      <Filter>02.GameObject\09.Weapon\00.Staff_Basic</Filter>
    </ClInclude>
    <ClInclude Include="..\public\Ogre.h">
      <Filter>02.GameObject\05.Monster\01.Ogre</Filter>
    </ClInclude>
    <ClInclude Include="..\public\Boom.h">
      <Filter>02.GameObject\07.Bullet\02.Skill_ManaBomb\Boom</Filter>
    </ClInclude>
    <ClInclude Include="..\public\Meteor_Explosion.h">
      <Filter>02.GameObject\07.Bullet\03.Skill_Meteor\00.Meteor_Explosion</Filter>
    </ClInclude>
    <ClInclude Include="..\public\Meteor_Explosion_Effect_2.h">
      <Filter>02.GameObject\07.Bullet\03.Skill_Meteor\00.Meteor_Explosion\Effect_1</Filter>
    </ClInclude>
    <ClInclude Include="..\public\Meteor_Explosion_Effect.h">
      <Filter>02.GameObject\07.Bullet\03.Skill_Meteor\00.Meteor_Explosion\Effect_0</Filter>
    </ClInclude>
    <ClInclude Include="..\public\Skill_BrainWash.h">
      <Filter>02.GameObject\07.Bullet\04.Skill_BrainWash</Filter>
    </ClInclude>
    <ClInclude Include="..\public\Skill_BrainWash_Effect.h">
      <Filter>02.GameObject\07.Bullet\04.Skill_BrainWash\Skill_BrainWash_Effect</Filter>
    </ClInclude>
    <ClInclude Include="..\public\LoadingScreen.h">
      <Filter>02.GameObject\00.Loading</Filter>
    </ClInclude>
    <ClInclude Include="..\public\Fade.h">
      <Filter>02.GameObject\00.Loading\Fade</Filter>
    </ClInclude>
    <ClInclude Include="..\public\TestNavi.h">
      <Filter>02.GameObject\02.Stage\Navi</Filter>
    </ClInclude>
    <ClInclude Include="..\public\Monster_Gate.h">
      <Filter>02.GameObject\10.Monster_Gate</Filter>
    </ClInclude>
    <ClInclude Include="..\public\PhaseMonster_Info.h">
      <Filter>03.UI, HUD\02.3D\A1.PhaseMonster_Info</Filter>
    </ClInclude>
    <ClInclude Include="..\public\Ortho3D.h">
      <Filter>03.UI, HUD\02.3D\A2.Ortho3D</Filter>
    </ClInclude>
    <ClInclude Include="..\public\Boss_Djinn.h">
      <Filter>02.GameObject\05.Monster\02.Boss_Djinn</Filter>
    </ClInclude>
    <ClInclude Include="..\public\Boss_EnergyBall.h">
      <Filter>02.GameObject\07.Bullet\10.Boss_EnergyBall</Filter>
    </ClInclude>
    <ClInclude Include="..\public\Boss_Boom.h">
      <Filter>02.GameObject\07.Bullet\11.Boss_Boom</Filter>
    </ClInclude>
    <ClInclude Include="..\public\Boss_TrapBall.h">
      <Filter>02.GameObject\07.Bullet\12.Boss_TrapBall</Filter>
    </ClInclude>
    <ClInclude Include="..\public\Boss_RepeatBall.h">
      <Filter>02.GameObject\07.Bullet\13.Boss_RepeatBall</Filter>
    </ClInclude>
    <ClInclude Include="..\public\Boss_Hand.h">
      <Filter>02.GameObject\05.Monster\02.Boss_Djinn\Boss_Hand</Filter>
    </ClInclude>
    <ClInclude Include="..\public\Kobold_Boom.h">
      <Filter>02.GameObject\07.Bullet\14.Kobold_Boom</Filter>
    </ClInclude>
    <ClInclude Include="..\public\Kobold.h">
      <Filter>02.GameObject\05.Monster\03.Kobold</Filter>
    </ClInclude>
    <ClInclude Include="..\public\Effect.h">
      <Filter>02.GameObject\08.Effect\Old</Filter>
    </ClInclude>
    <ClInclude Include="..\public\Effect_Sprites.h">
      <Filter>02.GameObject\08.Effect\Effect_Sprites</Filter>
    </ClInclude>
  </ItemGroup>
  <ItemGroup>
    <ClCompile Include="Client.cpp">
      <Filter>99.Default</Filter>
    </ClCompile>
    <ClCompile Include="stdafx.cpp">
      <Filter>99.Default</Filter>
    </ClCompile>
    <ClCompile Include="..\private\MainApp.cpp">
      <Filter>00.MainApp</Filter>
    </ClCompile>
    <ClCompile Include="..\private\Level_Logo.cpp">
      <Filter>01.Maps\01.Logo%28MainMenu%29</Filter>
    </ClCompile>
    <ClCompile Include="..\private\Level_Loading.cpp">
      <Filter>01.Maps\00.Loading</Filter>
    </ClCompile>
    <ClCompile Include="..\private\Loading.cpp">
      <Filter>01.Maps\00.Loading</Filter>
    </ClCompile>
    <ClCompile Include="..\private\BackGround_Logo.cpp">
      <Filter>02.GameObject\01.Logo\00.BackGround</Filter>
    </ClCompile>
    <ClCompile Include="..\private\Level_Stage1.cpp">
      <Filter>01.Maps\02.Stage1</Filter>
    </ClCompile>
    <ClCompile Include="..\private\Terrain.cpp">
      <Filter>02.GameObject\02.Stage\00.Terrain</Filter>
    </ClCompile>
    <ClCompile Include="..\private\Status_Panel.cpp">
      <Filter>03.UI, HUD\00.2D\00.StatusPanel</Filter>
    </ClCompile>
    <ClCompile Include="..\private\Camera_Free.cpp">
      <Filter>04.Camera\00.Camera_Free</Filter>
    </ClCompile>
    <ClCompile Include="..\private\Player.cpp">
      <Filter>02.GameObject\03.Player</Filter>
    </ClCompile>
    <ClCompile Include="..\private\PlayerSkill.cpp">
      <Filter>03.UI, HUD\00.2D\01.PlayerSkill</Filter>
    </ClCompile>
    <ClCompile Include="..\private\HpMp.cpp">
      <Filter>03.UI, HUD\00.2D\02.Hp</Filter>
    </ClCompile>
    <ClCompile Include="..\private\Wave_Manger.cpp">
      <Filter>05.Utility\00.Stage_Manager</Filter>
    </ClCompile>
    <ClCompile Include="..\private\MainMenu.cpp">
      <Filter>03.UI, HUD\01.MainMenu</Filter>
    </ClCompile>
    <ClCompile Include="..\private\Camera_Target.cpp">
      <Filter>04.Camera\01.Camera_Target</Filter>
    </ClCompile>
    <ClCompile Include="..\private\Calculator.cpp">
      <Filter>05.Utility\01.Calculator</Filter>
    </ClCompile>
    <ClCompile Include="..\private\Monster.cpp">
      <Filter>02.GameObject\05.Monster</Filter>
    </ClCompile>
    <ClCompile Include="..\private\Cursor.cpp">
      <Filter>05.Utility\02.Cursor_Manager\00.Cursor</Filter>
    </ClCompile>
    <ClCompile Include="..\private\Cursor_Manager.cpp">
      <Filter>05.Utility\02.Cursor_Manager</Filter>
    </ClCompile>
    <ClCompile Include="..\private\Masking_MeterBar.cpp">
      <Filter>03.UI, HUD\00.2D\A0.Masking_MeterBar%28Time%29</Filter>
    </ClCompile>
    <ClCompile Include="..\private\MyFont.cpp">
      <Filter>05.Utility\03.Text_Manager\Text\Font</Filter>
    </ClCompile>
    <ClCompile Include="..\private\MyText.cpp">
      <Filter>05.Utility\03.Text_Manager\Text</Filter>
    </ClCompile>
    <ClCompile Include="..\private\Text_Manager.cpp">
      <Filter>05.Utility\03.Text_Manager</Filter>
    </ClCompile>
    <ClCompile Include="..\private\MyButton.cpp">
      <Filter>03.UI, HUD\00.2D\A3.MyButton%28Font%29</Filter>
    </ClCompile>
    <ClCompile Include="..\private\MyButton_NoText.cpp">
      <Filter>03.UI, HUD\00.2D\A2.MyButton_NoText</Filter>
    </ClCompile>
    <ClCompile Include="..\private\Data_Manager.cpp">
      <Filter>05.Utility\04.Data_Manager</Filter>
    </ClCompile>
    <ClCompile Include="..\private\PauseMenu.cpp">
      <Filter>03.UI, HUD\00.2D\04.PauseMenu</Filter>
    </ClCompile>
    <ClCompile Include="..\private\StatusMenu.cpp">
      <Filter>03.UI, HUD\00.2D\05.StatusMenu</Filter>
    </ClCompile>
    <ClCompile Include="..\private\Masking_UI.cpp">
      <Filter>03.UI, HUD\00.2D\A1.Masking_UI</Filter>
    </ClCompile>
    <ClCompile Include="..\private\Animate_Effect.cpp">
      <Filter>03.UI, HUD\00.2D\A4.Animate_Effect</Filter>
    </ClCompile>
    <ClCompile Include="..\private\UI_3D.cpp">
      <Filter>03.UI, HUD\02.3D</Filter>
    </ClCompile>
    <ClCompile Include="..\private\Masking_MeterBar_3D.cpp">
      <Filter>03.UI, HUD\02.3D\A0.Masking_MeterBar_3D</Filter>
    </ClCompile>
    <ClCompile Include="..\private\PhaseInfo.cpp">
      <Filter>03.UI, HUD\00.2D\03.PhaseInfo</Filter>
    </ClCompile>
    <ClCompile Include="..\private\Phase_Panel.cpp">
      <Filter>03.UI, HUD\00.2D\06.Phase_Panel</Filter>
    </ClCompile>
    <ClCompile Include="..\private\DefenceTower.cpp">
      <Filter>02.GameObject\04.DefenceTower</Filter>
    </ClCompile>
    <ClCompile Include="..\private\StrikerTower.cpp">
      <Filter>02.GameObject\04.DefenceTower\01.StrikerTower</Filter>
    </ClCompile>
    <ClCompile Include="..\private\UI_2D.cpp">
      <Filter>03.UI, HUD\00.2D</Filter>
    </ClCompile>
    <ClCompile Include="..\private\CrystalCore.cpp">
      <Filter>02.GameObject\06.CrystalCore</Filter>
    </ClCompile>
    <ClCompile Include="..\private\CrystalCore_Ring.cpp">
      <Filter>02.GameObject\06.CrystalCore\A0.Ring</Filter>
    </ClCompile>
    <ClCompile Include="..\private\BlockadeTower.cpp">
      <Filter>02.GameObject\04.DefenceTower\00.BlockadeTower</Filter>
    </ClCompile>
    <ClCompile Include="..\private\Bullet.cpp">
      <Filter>02.GameObject\07.Bullet</Filter>
    </ClCompile>
    <ClCompile Include="..\private\StrikerTower_Bullet.cpp">
      <Filter>02.GameObject\07.Bullet\00.StrikerTower_Bullet</Filter>
    </ClCompile>
    <ClCompile Include="..\private\LightningTower.cpp">
      <Filter>02.GameObject\04.DefenceTower\02.LightningTower</Filter>
    </ClCompile>
    <ClCompile Include="..\private\LightningTower_Bullet.cpp">
      <Filter>02.GameObject\07.Bullet\01.LightningTower_Bullet</Filter>
    </ClCompile>
    <ClCompile Include="..\private\LightningTower_Bullet_Effect.cpp">
      <Filter>02.GameObject\08.Effect\Old\01.LightningTower_Effect\00.LightningTower_Bullet_Effect</Filter>
    </ClCompile>
    <ClCompile Include="..\private\Goblin.cpp">
      <Filter>02.GameObject\05.Monster\00.Goblin</Filter>
    </ClCompile>
    <ClCompile Include="..\private\Skill_ManaBomb.cpp">
      <Filter>02.GameObject\07.Bullet\02.Skill_ManaBomb</Filter>
    </ClCompile>
    <ClCompile Include="..\private\Collide_Manager.cpp">
      <Filter>05.Utility\05.Collide_Manager</Filter>
    </ClCompile>
    <ClCompile Include="..\private\Skill_Meteor.cpp">
      <Filter>02.GameObject\07.Bullet\03.Skill_Meteor</Filter>
    </ClCompile>
    <ClCompile Include="..\private\Archer.cpp">
      <Filter>02.GameObject\05.Monster\Dummy\01.Archer</Filter>
    </ClCompile>
    <ClCompile Include="..\private\Weapon.cpp">
      <Filter>02.GameObject\09.Weapon</Filter>
    </ClCompile>
    <ClCompile Include="..\private\Staff_Basic.cpp">
      <Filter>02.GameObject\09.Weapon\00.Staff_Basic</Filter>
    </ClCompile>
    <ClCompile Include="..\private\Ogre.cpp">
      <Filter>02.GameObject\05.Monster\01.Ogre</Filter>
    </ClCompile>
    <ClCompile Include="..\private\Boom.cpp">
      <Filter>02.GameObject\07.Bullet\02.Skill_ManaBomb\Boom</Filter>
    </ClCompile>
    <ClCompile Include="..\private\Meteor_Explosion.cpp">
      <Filter>02.GameObject\07.Bullet\03.Skill_Meteor\00.Meteor_Explosion</Filter>
    </ClCompile>
    <ClCompile Include="..\private\Meteor_Explosion_Effect_2.cpp">
      <Filter>02.GameObject\07.Bullet\03.Skill_Meteor\00.Meteor_Explosion\Effect_1</Filter>
    </ClCompile>
    <ClCompile Include="..\private\Meteor_Explosion_Effect.cpp">
      <Filter>02.GameObject\07.Bullet\03.Skill_Meteor\00.Meteor_Explosion\Effect_0</Filter>
    </ClCompile>
    <ClCompile Include="..\private\Skill_BrainWash.cpp">
      <Filter>02.GameObject\07.Bullet\04.Skill_BrainWash</Filter>
    </ClCompile>
    <ClCompile Include="..\private\Skill_BrainWash_Effect.cpp">
      <Filter>02.GameObject\07.Bullet\04.Skill_BrainWash\Skill_BrainWash_Effect</Filter>
    </ClCompile>
    <ClCompile Include="..\private\LoadingScreen.cpp">
      <Filter>02.GameObject\00.Loading</Filter>
    </ClCompile>
    <ClCompile Include="..\private\Fade.cpp">
      <Filter>02.GameObject\00.Loading\Fade</Filter>
    </ClCompile>
    <ClCompile Include="..\private\TestNavi.cpp">
      <Filter>02.GameObject\02.Stage\Navi</Filter>
    </ClCompile>
    <ClCompile Include="..\private\Monster_Gate.cpp">
      <Filter>02.GameObject\10.Monster_Gate</Filter>
    </ClCompile>
    <ClCompile Include="..\private\PhaseMonster_Info.cpp">
      <Filter>03.UI, HUD\02.3D\A1.PhaseMonster_Info</Filter>
    </ClCompile>
    <ClCompile Include="..\private\Ortho3D.cpp">
      <Filter>03.UI, HUD\02.3D\A2.Ortho3D</Filter>
    </ClCompile>
    <ClCompile Include="..\private\Boss_Djinn.cpp">
      <Filter>02.GameObject\05.Monster\02.Boss_Djinn</Filter>
    </ClCompile>
    <ClCompile Include="..\private\Boss_EnergyBall.cpp">
      <Filter>02.GameObject\07.Bullet\10.Boss_EnergyBall</Filter>
    </ClCompile>
    <ClCompile Include="..\private\Boss_Boom.cpp">
      <Filter>02.GameObject\07.Bullet\11.Boss_Boom</Filter>
    </ClCompile>
    <ClCompile Include="..\private\Boss_TrapBall.cpp">
      <Filter>02.GameObject\07.Bullet\12.Boss_TrapBall</Filter>
    </ClCompile>
    <ClCompile Include="..\private\Boss_RepeatBall.cpp">
      <Filter>02.GameObject\07.Bullet\13.Boss_RepeatBall</Filter>
    </ClCompile>
    <ClCompile Include="..\private\Boss_Hand.cpp">
      <Filter>02.GameObject\05.Monster\02.Boss_Djinn\Boss_Hand</Filter>
    </ClCompile>
    <ClCompile Include="..\private\Kobold_Boom.cpp">
      <Filter>02.GameObject\07.Bullet\14.Kobold_Boom</Filter>
    </ClCompile>
    <ClCompile Include="..\private\Kobold.cpp">
      <Filter>02.GameObject\05.Monster\03.Kobold</Filter>
    </ClCompile>
    <ClCompile Include="..\private\Effect.cpp">
      <Filter>02.GameObject\08.Effect\Old</Filter>
    </ClCompile>
    <ClCompile Include="..\private\Effect_Sprites.cpp">
      <Filter>02.GameObject\08.Effect\Effect_Sprites</Filter>
    </ClCompile>
  </ItemGroup>
  <ItemGroup>
    <Image Include="Client.ico">
      <Filter>99.Default</Filter>
    </Image>
    <Image Include="small.ico">
      <Filter>99.Default</Filter>
    </Image>
  </ItemGroup>
  <ItemGroup>
    <ResourceCompile Include="Client.rc">
      <Filter>99.Default</Filter>
    </ResourceCompile>
  </ItemGroup>
  <ItemGroup>
    <FxCompile Include="..\Bin\Shader\Shader_Default.hlsl">
      <Filter>97.ShaderFiles</Filter>
    </FxCompile>
    <FxCompile Include="..\Bin\Shader\Shader_Terrain.hlsl">
      <Filter>97.ShaderFiles</Filter>
    </FxCompile>
    <FxCompile Include="..\Bin\Shader\Shader_Model.hlsl">
      <Filter>97.ShaderFiles</Filter>
    </FxCompile>
    <FxCompile Include="..\Bin\Shader\Shader_Point.hlsl">
      <Filter>97.ShaderFiles</Filter>
    </FxCompile>
  </ItemGroup>
  <ItemGroup>
    <Text Include="ReadMe.txt">
      <Filter>99.Default</Filter>
    </Text>
  </ItemGroup>
</Project>