<?xml version="1.0" encoding="utf-8"?>
<Project ToolsVersion="4.0" xmlns="http://schemas.microsoft.com/developer/msbuild/2003">
  <ItemGroup>
    <ClCompile Include="stdafx.cpp">
      <Filter>99.Default</Filter>
    </ClCompile>
    <ClCompile Include="Tool.cpp">
      <Filter>99.Default</Filter>
    </ClCompile>
    <ClCompile Include="ToolDoc.cpp">
      <Filter>99.Default</Filter>
    </ClCompile>
    <ClCompile Include="MainFrm.cpp">
      <Filter>00.MainFrame</Filter>
    </ClCompile>
    <ClCompile Include="Form.cpp">
      <Filter>01.View\01.FormView</Filter>
    </ClCompile>
    <ClCompile Include="ToolView.cpp">
      <Filter>01.View\00.ToolView%28Main%29</Filter>
    </ClCompile>
    <ClCompile Include="..\Codes\Main_Level.cpp">
      <Filter>02.Level</Filter>
    </ClCompile>
    <ClCompile Include="..\Codes\Dummy.cpp">
      <Filter>03.GameObject\00.Dummy</Filter>
    </ClCompile>
    <ClCompile Include="..\Codes\DataManager.cpp">
      <Filter>04.DataManager</Filter>
    </ClCompile>
    <ClCompile Include="MapTool.cpp">
      <Filter>Tool\MapTool</Filter>
    </ClCompile>
  </ItemGroup>
  <ItemGroup>
    <ClInclude Include="Resource.h">
      <Filter>99.Default</Filter>
    </ClInclude>
    <ClInclude Include="stdafx.h">
      <Filter>99.Default</Filter>
    </ClInclude>
    <ClInclude Include="targetver.h">
      <Filter>99.Default</Filter>
    </ClInclude>
    <ClInclude Include="Tool.h">
      <Filter>99.Default</Filter>
    </ClInclude>
    <ClInclude Include="ToolDoc.h">
      <Filter>99.Default</Filter>
    </ClInclude>
    <ClInclude Include="MainFrm.h">
      <Filter>00.MainFrame</Filter>
    </ClInclude>
    <ClInclude Include="Form.h">
      <Filter>01.View\01.FormView</Filter>
    </ClInclude>
    <ClInclude Include="ToolView.h">
      <Filter>01.View\00.ToolView%28Main%29</Filter>
    </ClInclude>
    <ClInclude Include="..\Codes\Tool_Define.h">
      <Filter>98.Defines</Filter>
    </ClInclude>
    <ClInclude Include="..\Codes\Tool_Enum.h">
      <Filter>98.Defines\Define_Include</Filter>
    </ClInclude>
    <ClInclude Include="..\Codes\Main_Level.h">
      <Filter>02.Level</Filter>
    </ClInclude>
    <ClInclude Include="..\Codes\Dummy.h">
      <Filter>03.GameObject\00.Dummy</Filter>
    </ClInclude>
    <ClInclude Include="..\Codes\DataManager.h">
      <Filter>04.DataManager</Filter>
    </ClInclude>
    <ClInclude Include="MapTool.h">
      <Filter>Tool\MapTool</Filter>
    </ClInclude>
  </ItemGroup>
  <ItemGroup>
    <Image Include="res\Tool.ico">
      <Filter>99.Default</Filter>
    </Image>
    <Image Include="res\Toolbar.bmp">
      <Filter>99.Default</Filter>
    </Image>
    <Image Include="res\ToolDoc.ico">
      <Filter>99.Default</Filter>
    </Image>
  </ItemGroup>
  <ItemGroup>
    <Filter Include="99.Default">
      <UniqueIdentifier>{f196cb21-1a57-4f5a-a2cc-c23adc37a106}</UniqueIdentifier>
    </Filter>
    <Filter Include="00.MainFrame">
      <UniqueIdentifier>{a8d274e9-b6f2-4269-a550-2305b9e52ae2}</UniqueIdentifier>
    </Filter>
    <Filter Include="01.View">
      <UniqueIdentifier>{7239dcb8-4e35-42e3-88f2-05d54a3907cc}</UniqueIdentifier>
    </Filter>
    <Filter Include="01.View\01.FormView">
      <UniqueIdentifier>{9c69fefd-31cc-4c55-86fb-316b553448c1}</UniqueIdentifier>
    </Filter>
    <Filter Include="01.View\00.ToolView%28Main%29">
      <UniqueIdentifier>{e41f9b80-1f35-403d-8cb0-418e3ca98001}</UniqueIdentifier>
    </Filter>
    <Filter Include="98.Defines">
      <UniqueIdentifier>{655e514e-eb2d-4f88-acf4-3bba92bb15d8}</UniqueIdentifier>
    </Filter>
    <Filter Include="98.Defines\Define_Include">
      <UniqueIdentifier>{02e1a5d0-7f18-4969-a67e-3cd77455ede2}</UniqueIdentifier>
    </Filter>
    <Filter Include="02.Level">
      <UniqueIdentifier>{206ba705-3d1d-422f-ae35-11b080e5984f}</UniqueIdentifier>
    </Filter>
    <Filter Include="03.GameObject">
      <UniqueIdentifier>{c13493e7-5f47-4fe1-8eb5-99ac83d5999e}</UniqueIdentifier>
    </Filter>
    <Filter Include="03.GameObject\00.Dummy">
      <UniqueIdentifier>{08288ed0-4f83-4ffa-9228-ad0204b92997}</UniqueIdentifier>
    </Filter>
    <Filter Include="04.DataManager">
      <UniqueIdentifier>{646329f1-9c01-4cc7-bbe7-00569942db51}</UniqueIdentifier>
    </Filter>
    <Filter Include="Tool">
      <UniqueIdentifier>{ee7a2066-51eb-4237-80a3-47236f6f778e}</UniqueIdentifier>
    </Filter>
    <Filter Include="Tool\MapTool">
      <UniqueIdentifier>{4623ef43-1bf5-4dc1-933c-9e5ffec844b1}</UniqueIdentifier>
    </Filter>
  </ItemGroup>
  <ItemGroup>
    <ResourceCompile Include="Tool.rc">
      <Filter>99.Default</Filter>
    </ResourceCompile>
  </ItemGroup>
  <ItemGroup>
    <None Include="res\Tool.rc2">
      <Filter>99.Default</Filter>
    </None>
  </ItemGroup>
  <ItemGroup>
    <Text Include="ReadMe.txt">
      <Filter>99.Default</Filter>
    </Text>
  </ItemGroup>
</Project>